
Microsoft Visual Studio Solution File, Format Version 12.00
# Visual Studio Version 17
VisualStudioVersion = 17.9.34701.34
MinimumVisualStudioVersion = 10.0.40219.1
Project("{FAE04EC0-301F-11D3-BF4B-00C04F79EFBC}") = "WiredBrainCoffee", "WiredBrainCoffee.csproj", "{9F278C64-FB38-4545-B02E-606D3B152AA6}"
EndProject
Global
	GlobalSection(SolutionConfigurationPlatforms) = preSolution
		Debug|Any CPU = Debug|Any CPU
		Release|Any CPU = Release|Any CPU
	EndGlobalSection
	GlobalSection(ProjectConfigurationPlatforms) = postSolution
		{9F278C64-FB38-4545-B02E-606D3B152AA6}.Debug|Any CPU.ActiveCfg = Debug|Any CPU
		{9F278C64-FB38-4545-B02E-606D3B152AA6}.Debug|Any CPU.Build.0 = Debug|Any CPU
		{9F278C64-FB38-4545-B02E-606D3B152AA6}.Release|Any CPU.ActiveCfg = Release|Any CPU
		{9F278C64-FB38-4545-B02E-606D3B152AA6}.Release|Any CPU.Build.0 = Release|Any CPU
	EndGlobalSection
	GlobalSection(SolutionProperties) = preSolution
		HideSolutionNode = FALSE
	EndGlobalSection
	GlobalSection(ExtensibilityGlobals) = postSolution
		SolutionGuid = {9EBDD15C-AD77-42C0-AB7D-7908F67A0129}
	EndGlobalSection
EndGlobal
